
Microsoft Visual Studio Solution File, Format Version 12.00
# Visual Studio Version 17
VisualStudioVersion = 17.9.34728.123
MinimumVisualStudioVersion = 10.0.40219.1
Project("{FAE04EC0-301F-11D3-BF4B-00C04F79EFBC}") = "ASPNET_Sample", "ASPNET_Sample\ASPNET_Sample.csproj", "{064C4A4D-FE8D-41EC-AF08-608E5F4A548C}"
EndProject
Global
	GlobalSection(SolutionConfigurationPlatforms) = preSolution
		Debug|Any CPU = Debug|Any CPU
		Release|Any CPU = Release|Any CPU
	EndGlobalSection
	GlobalSection(ProjectConfigurationPlatforms) = postSolution
		{064C4A4D-FE8D-41EC-AF08-608E5F4A548C}.Debug|Any CPU.ActiveCfg = Debug|Any CPU
		{064C4A4D-FE8D-41EC-AF08-608E5F4A548C}.Debug|Any CPU.Build.0 = Debug|Any CPU
		{064C4A4D-FE8D-41EC-AF08-608E5F4A548C}.Release|Any CPU.ActiveCfg = Release|Any CPU
		{064C4A4D-FE8D-41EC-AF08-608E5F4A548C}.Release|Any CPU.Build.0 = Release|Any CPU
	EndGlobalSection
	GlobalSection(SolutionProperties) = preSolution
		HideSolutionNode = FALSE
	EndGlobalSection
	GlobalSection(ExtensibilityGlobals) = postSolution
		SolutionGuid = {F8C9092C-0392-4B78-B7C7-757EF802FEC2}
	EndGlobalSection
EndGlobal
